{
  "version": 4,
  "terraform_version": "1.6.4",
  "serial": 3,
  "lineage": "6e04871c-f66e-b7b1-5482-85618664f469",
  "outputs": {
    "name": {
      "value": {
        "authorization_type": "NONE",
        "cors": [],
        "function_arn": "arn:aws:lambda:ap-south-1:436484697661:function:Example_Lambda_Function",
        "function_name": "Example_Lambda_Function",
        "function_url": "https://w2izt3aku4zd6tzxxdmuz7rw3q0daloo.lambda-url.ap-south-1.on.aws/",
        "id": "Example_Lambda_Function",
        "invoke_mode": "BUFFERED",
        "qualifier": "",
        "timeouts": null,
        "url_id": "w2izt3aku4zd6tzxxdmuz7rw3q0daloo"
      },
      "type": [
        "object",
        {
          "authorization_type": "string",
          "cors": [
            "list",
            [
              "object",
              {
                "allow_credentials": "bool",
                "allow_headers": [
                  "set",
                  "string"
                ],
                "allow_methods": [
                  "set",
                  "string"
                ],
                "allow_origins": [
                  "set",
                  "string"
                ],
                "expose_headers": [
                  "set",
                  "string"
                ],
                "max_age": "number"
              }
            ]
          ],
          "function_arn": "string",
          "function_name": "string",
          "function_url": "string",
          "id": "string",
          "invoke_mode": "string",
          "qualifier": "string",
          "timeouts": [
            "object",
            {
              "create": "string"
            }
          ],
          "url_id": "string"
        }
      ]
    }
  },
  "resources": [
    {
      "mode": "data",
      "type": "archive_file",
      "name": "lambda",
      "provider": "provider[\"registry.terraform.io/hashicorp/archive\"]",
      "instances": [
        {
          "schema_version": 0,
          "attributes": {
            "exclude_symlink_directories": null,
            "excludes": null,
            "id": "337029b48b99909e94458cf46cd3460a81d51626",
            "output_base64sha256": "ZW+N13etW7Jl1sIGCPrtLkY6DrLUMxLtNQ0v6BdOqM0=",
            "output_base64sha512": "eSaDMqZgb+VW7uFa+1RKMBlT1yiP9bdkUCEYdGK9oCTIgRlcDoF1jUpTO976OG4pdxAV8ftzOA+4mRkdM7H+Rg==",
            "output_file_mode": null,
            "output_md5": "464d1dd1531620d009ce45c99cc3fb16",
            "output_path": "lambda_function_payload.zip",
            "output_sha": "337029b48b99909e94458cf46cd3460a81d51626",
            "output_sha256": "656f8dd777ad5bb265d6c20608faed2e463a0eb2d43312ed350d2fe8174ea8cd",
            "output_sha512": "79268332a6606fe556eee15afb544a301953d7288ff5b7645021187462bda024c881195c0e81758d4a533bdefa386e29771015f1fb73380fb899191d33b1fe46",
            "output_size": 256,
            "source": [],
            "source_content": null,
            "source_content_filename": null,
            "source_dir": null,
            "source_file": "index.py",
            "type": "zip"
          },
          "sensitive_attributes": []
        }
      ]
    },
    {
      "mode": "managed",
      "type": "aws_lambda_function",
      "name": "example_lambda_function",
      "provider": "provider[\"registry.terraform.io/hashicorp/aws\"]",
      "instances": [
        {
          "schema_version": 0,
          "attributes": {
            "architectures": [
              "x86_64"
            ],
            "arn": "arn:aws:lambda:ap-south-1:436484697661:function:Example_Lambda_Function",
            "code_signing_config_arn": "",
            "dead_letter_config": [],
            "description": "",
            "environment": [],
            "ephemeral_storage": [
              {
                "size": 512
              }
            ],
            "file_system_config": [],
            "filename": "./lambda_function_payload.zip",
            "function_name": "Example_Lambda_Function",
            "handler": "index.handler",
            "id": "Example_Lambda_Function",
            "image_config": [],
            "image_uri": "",
            "invoke_arn": "arn:aws:apigateway:ap-south-1:lambda:path/2015-03-31/functions/arn:aws:lambda:ap-south-1:436484697661:function:Example_Lambda_Function/invocations",
            "kms_key_arn": "",
            "last_modified": "2023-12-07T09:55:56.336+0000",
            "layers": null,
            "memory_size": 128,
            "package_type": "Zip",
            "publish": false,
            "qualified_arn": "arn:aws:lambda:ap-south-1:436484697661:function:Example_Lambda_Function:$LATEST",
            "qualified_invoke_arn": "arn:aws:apigateway:ap-south-1:lambda:path/2015-03-31/functions/arn:aws:lambda:ap-south-1:436484697661:function:Example_Lambda_Function:$LATEST/invocations",
            "replace_security_groups_on_destroy": null,
            "replacement_security_group_ids": null,
            "reserved_concurrent_executions": -1,
            "role": "arn:aws:iam::436484697661:role/jeavio_bot_lambda",
            "runtime": "python3.10",
            "s3_bucket": null,
            "s3_key": null,
            "s3_object_version": null,
            "signing_job_arn": "",
            "signing_profile_version_arn": "",
            "skip_destroy": false,
            "snap_start": [],
            "source_code_hash": "ZW+N13etW7Jl1sIGCPrtLkY6DrLUMxLtNQ0v6BdOqM0=",
            "source_code_size": 256,
            "tags": null,
            "tags_all": {},
            "timeout": 3,
            "timeouts": null,
            "tracing_config": [
              {
                "mode": "PassThrough"
              }
            ],
            "version": "$LATEST",
            "vpc_config": []
          },
          "sensitive_attributes": [],
          "private": "eyJlMmJmYjczMC1lY2FhLTExZTYtOGY4OC0zNDM2M2JjN2M0YzAiOnsiY3JlYXRlIjo2MDAwMDAwMDAwMDAsImRlbGV0ZSI6NjAwMDAwMDAwMDAwLCJ1cGRhdGUiOjYwMDAwMDAwMDAwMH19"
        }
      ]
    },
    {
      "mode": "managed",
      "type": "aws_lambda_function_url",
      "name": "example_lambda_function_url",
      "provider": "provider[\"registry.terraform.io/hashicorp/aws\"]",
      "instances": [
        {
          "schema_version": 0,
          "attributes": {
            "authorization_type": "NONE",
            "cors": [],
            "function_arn": "arn:aws:lambda:ap-south-1:436484697661:function:Example_Lambda_Function",
            "function_name": "Example_Lambda_Function",
            "function_url": "https://w2izt3aku4zd6tzxxdmuz7rw3q0daloo.lambda-url.ap-south-1.on.aws/",
            "id": "Example_Lambda_Function",
            "invoke_mode": "BUFFERED",
            "qualifier": "",
            "timeouts": null,
            "url_id": "w2izt3aku4zd6tzxxdmuz7rw3q0daloo"
          },
          "sensitive_attributes": [],
          "private": "eyJlMmJmYjczMC1lY2FhLTExZTYtOGY4OC0zNDM2M2JjN2M0YzAiOnsiY3JlYXRlIjo2MDAwMDAwMDAwMDB9fQ==",
          "dependencies": [
            "aws_lambda_function.example_lambda_function"
          ]
        }
      ]
    }
  ],
  "check_results": null
}
